// !$*UTF8*$!
{
	archiveVersion = 1;
	classes = {
	};
	objectVersion = 48;
	objects = {

/* Begin PBXBuildFile section */
		5085790A0A94877901E65A80 /* libPods-EmailVerificationTests.a in Frameworks */ = {isa = PBXBuildFile; fileRef = 1660A7F3837F388427433317 /* libPods-EmailVerificationTests.a */; };
		6F098823206BF75700E6146C /* MasterViewModel.m in Sources */ = {isa = PBXBuildFile; fileRef = 6F098822206BF75700E6146C /* MasterViewModel.m */; };
		6F098827206BFCD000E6146C /* EmailValidator.m in Sources */ = {isa = PBXBuildFile; fileRef = 6F098826206BFCD000E6146C /* EmailValidator.m */; };
		6F098829206C000900E6146C /* EmailValidatorTests.m in Sources */ = {isa = PBXBuildFile; fileRef = 6F098828206C000900E6146C /* EmailValidatorTests.m */; };
		6F09882C206C061C00E6146C /* NSObject+NTStringIdentifier.m in Sources */ = {isa = PBXBuildFile; fileRef = 6F09882A206C061C00E6146C /* NSObject+NTStringIdentifier.m */; };
		6F098833206C085100E6146C /* UIColor+EmailVerification.m in Sources */ = {isa = PBXBuildFile; fileRef = 6F098832206C085100E6146C /* UIColor+EmailVerification.m */; };
		6F098839206C0E0700E6146C /* kickbox.txt in Resources */ = {isa = PBXBuildFile; fileRef = 6F098838206C0E0700E6146C /* kickbox.txt */; };
		6F09883D206C142A00E6146C /* Http.m in Sources */ = {isa = PBXBuildFile; fileRef = 6F09883C206C142A00E6146C /* Http.m */; };
		6F098840206C151B00E6146C /* Error.m in Sources */ = {isa = PBXBuildFile; fileRef = 6F09883F206C151B00E6146C /* Error.m */; };
		6F09884D206C175E00E6146C /* NSString+hasContent__NT.m in Sources */ = {isa = PBXBuildFile; fileRef = 6F098845206C175E00E6146C /* NSString+hasContent__NT.m */; };
		6F09884E206C175E00E6146C /* NSString+isEmpty__NT.m in Sources */ = {isa = PBXBuildFile; fileRef = 6F098847206C175E00E6146C /* NSString+isEmpty__NT.m */; };
		6F09884F206C175E00E6146C /* NSString+isMatching__NT.m in Sources */ = {isa = PBXBuildFile; fileRef = 6F098849206C175E00E6146C /* NSString+isMatching__NT.m */; };
		6F098850206C175E00E6146C /* NSString+TrimmedString__NT.m in Sources */ = {isa = PBXBuildFile; fileRef = 6F09884B206C175E00E6146C /* NSString+TrimmedString__NT.m */; };
		6F098853206C29B700E6146C /* SuggestionsController.m in Sources */ = {isa = PBXBuildFile; fileRef = 6F098852206C29B700E6146C /* SuggestionsController.m */; };
		6F098856206C335600E6146C /* ValidateResponse.m in Sources */ = {isa = PBXBuildFile; fileRef = 6F098855206C335600E6146C /* ValidateResponse.m */; };
		6FB4DE7B206BCE2300D62416 /* AppDelegate.m in Sources */ = {isa = PBXBuildFile; fileRef = 6FB4DE7A206BCE2300D62416 /* AppDelegate.m */; };
		6FB4DE81206BCE2300D62416 /* Main.storyboard in Resources */ = {isa = PBXBuildFile; fileRef = 6FB4DE7F206BCE2300D62416 /* Main.storyboard */; };
		6FB4DE83206BCE2300D62416 /* Assets.xcassets in Resources */ = {isa = PBXBuildFile; fileRef = 6FB4DE82206BCE2300D62416 /* Assets.xcassets */; };
		6FB4DE86206BCE2300D62416 /* LaunchScreen.storyboard in Resources */ = {isa = PBXBuildFile; fileRef = 6FB4DE84206BCE2300D62416 /* LaunchScreen.storyboard */; };
		6FB4DE89206BCE2300D62416 /* main.m in Sources */ = {isa = PBXBuildFile; fileRef = 6FB4DE88206BCE2300D62416 /* main.m */; };
		6FB4DE93206BCE2300D62416 /* EmailVerificationTests.m in Sources */ = {isa = PBXBuildFile; fileRef = 6FB4DE92206BCE2300D62416 /* EmailVerificationTests.m */; };
		6FB4DE9E206BCE2300D62416 /* EmailVerificationUITests.m in Sources */ = {isa = PBXBuildFile; fileRef = 6FB4DE9D206BCE2300D62416 /* EmailVerificationUITests.m */; };
		6FB4DEB4206BD17A00D62416 /* MasterController.m in Sources */ = {isa = PBXBuildFile; fileRef = 6FB4DEB2206BD17A00D62416 /* MasterController.m */; };
		6FF779EE206CE3C000C8BB2A /* SuggestionsDataSource.m in Sources */ = {isa = PBXBuildFile; fileRef = 6FF779ED206CE3C000C8BB2A /* SuggestionsDataSource.m */; };
		6FF779F1206CE3C700C8BB2A /* SuggestionsDelegate.m in Sources */ = {isa = PBXBuildFile; fileRef = 6FF779F0206CE3C700C8BB2A /* SuggestionsDelegate.m */; };
		6FF779F3206CE50800C8BB2A /* free.txt in Resources */ = {isa = PBXBuildFile; fileRef = 6FF779F2206CE50800C8BB2A /* free.txt */; };
		6FF779F6206CE73600C8BB2A /* SuggestionsCell.m in Sources */ = {isa = PBXBuildFile; fileRef = 6FF779F5206CE73600C8BB2A /* SuggestionsCell.m */; };
		88118B31B065F5A539714D9A /* libPods-EmailVerificationUITests.a in Frameworks */ = {isa = PBXBuildFile; fileRef = 45356D1D12C0E4216BF9743D /* libPods-EmailVerificationUITests.a */; };
		BC4907A89F2123AAFB630BE4 /* libPods-EmailVerification.a in Frameworks */ = {isa = PBXBuildFile; fileRef = D54DBC3373F539D8F533DE56 /* libPods-EmailVerification.a */; };
/* End PBXBuildFile section */

/* Begin PBXContainerItemProxy section */
		6FB4DE8F206BCE2300D62416 /* PBXContainerItemProxy */ = {
			isa = PBXContainerItemProxy;
			containerPortal = 6FB4DE6E206BCE2200D62416 /* Project object */;
			proxyType = 1;
			remoteGlobalIDString = 6FB4DE75206BCE2200D62416;
			remoteInfo = EmailVerification;
		};
		6FB4DE9A206BCE2300D62416 /* PBXContainerItemProxy */ = {
			isa = PBXContainerItemProxy;
			containerPortal = 6FB4DE6E206BCE2200D62416 /* Project object */;
			proxyType = 1;
			remoteGlobalIDString = 6FB4DE75206BCE2200D62416;
			remoteInfo = EmailVerification;
		};
/* End PBXContainerItemProxy section */

/* Begin PBXFileReference section */
		05A997F8813F976238B18215 /* Pods-EmailVerificationUITests.debug.xcconfig */ = {isa = PBXFileReference; includeInIndex = 1; lastKnownFileType = text.xcconfig; name = "Pods-EmailVerificationUITests.debug.xcconfig"; path = "Pods/Target Support Files/Pods-EmailVerificationUITests/Pods-EmailVerificationUITests.debug.xcconfig"; sourceTree = "<group>"; };
		1660A7F3837F388427433317 /* libPods-EmailVerificationTests.a */ = {isa = PBXFileReference; explicitFileType = archive.ar; includeInIndex = 0; path = "libPods-EmailVerificationTests.a"; sourceTree = BUILT_PRODUCTS_DIR; };
		45356D1D12C0E4216BF9743D /* libPods-EmailVerificationUITests.a */ = {isa = PBXFileReference; explicitFileType = archive.ar; includeInIndex = 0; path = "libPods-EmailVerificationUITests.a"; sourceTree = BUILT_PRODUCTS_DIR; };
		498F88911948A85D9A9AE5A1 /* Pods-EmailVerificationTests.debug.xcconfig */ = {isa = PBXFileReference; includeInIndex = 1; lastKnownFileType = text.xcconfig; name = "Pods-EmailVerificationTests.debug.xcconfig"; path = "Pods/Target Support Files/Pods-EmailVerificationTests/Pods-EmailVerificationTests.debug.xcconfig"; sourceTree = "<group>"; };
		608052D59741F9A457FB01FC /* Pods-EmailVerification.debug.xcconfig */ = {isa = PBXFileReference; includeInIndex = 1; lastKnownFileType = text.xcconfig; name = "Pods-EmailVerification.debug.xcconfig"; path = "Pods/Target Support Files/Pods-EmailVerification/Pods-EmailVerification.debug.xcconfig"; sourceTree = "<group>"; };
		6F068778206CF36600270570 /* SuggestionsSelectionDelegate.h */ = {isa = PBXFileReference; lastKnownFileType = sourcecode.c.h; path = SuggestionsSelectionDelegate.h; sourceTree = "<group>"; };
		6F098820206BF57300E6146C /* Ensurable.h */ = {isa = PBXFileReference; lastKnownFileType = sourcecode.c.h; path = Ensurable.h; sourceTree = "<group>"; };
		6F098821206BF75700E6146C /* MasterViewModel.h */ = {isa = PBXFileReference; lastKnownFileType = sourcecode.c.h; path = MasterViewModel.h; sourceTree = "<group>"; };
		6F098822206BF75700E6146C /* MasterViewModel.m */ = {isa = PBXFileReference; lastKnownFileType = sourcecode.c.objc; path = MasterViewModel.m; sourceTree = "<group>"; };
		6F098825206BFCD000E6146C /* EmailValidator.h */ = {isa = PBXFileReference; lastKnownFileType = sourcecode.c.h; path = EmailValidator.h; sourceTree = "<group>"; };
		6F098826206BFCD000E6146C /* EmailValidator.m */ = {isa = PBXFileReference; lastKnownFileType = sourcecode.c.objc; path = EmailValidator.m; sourceTree = "<group>"; };
		6F098828206C000900E6146C /* EmailValidatorTests.m */ = {isa = PBXFileReference; lastKnownFileType = sourcecode.c.objc; name = EmailValidatorTests.m; path = EmailVerificationTests/EmailValidatorTests.m; sourceTree = SOURCE_ROOT; };
		6F09882A206C061C00E6146C /* NSObject+NTStringIdentifier.m */ = {isa = PBXFileReference; fileEncoding = 4; lastKnownFileType = sourcecode.c.objc; path = "NSObject+NTStringIdentifier.m"; sourceTree = "<group>"; };
		6F09882B206C061C00E6146C /* NSObject+NTStringIdentifier.h */ = {isa = PBXFileReference; fileEncoding = 4; lastKnownFileType = sourcecode.c.h; path = "NSObject+NTStringIdentifier.h"; sourceTree = "<group>"; };
		6F09882D206C066E00E6146C /* NTStringIdentifier.h */ = {isa = PBXFileReference; lastKnownFileType = sourcecode.c.h; path = NTStringIdentifier.h; sourceTree = "<group>"; };
		6F098831206C085100E6146C /* UIColor+EmailVerification.h */ = {isa = PBXFileReference; lastKnownFileType = sourcecode.c.h; path = "UIColor+EmailVerification.h"; sourceTree = "<group>"; };
		6F098832206C085100E6146C /* UIColor+EmailVerification.m */ = {isa = PBXFileReference; lastKnownFileType = sourcecode.c.objc; path = "UIColor+EmailVerification.m"; sourceTree = "<group>"; };
		6F098838206C0E0700E6146C /* kickbox.txt */ = {isa = PBXFileReference; lastKnownFileType = text; path = kickbox.txt; sourceTree = "<group>"; };
		6F09883B206C142A00E6146C /* Http.h */ = {isa = PBXFileReference; lastKnownFileType = sourcecode.c.h; path = Http.h; sourceTree = "<group>"; };
		6F09883C206C142A00E6146C /* Http.m */ = {isa = PBXFileReference; lastKnownFileType = sourcecode.c.objc; path = Http.m; sourceTree = "<group>"; };
		6F09883E206C151B00E6146C /* Error.h */ = {isa = PBXFileReference; lastKnownFileType = sourcecode.c.h; path = Error.h; sourceTree = "<group>"; };
		6F09883F206C151B00E6146C /* Error.m */ = {isa = PBXFileReference; lastKnownFileType = sourcecode.c.objc; path = Error.m; sourceTree = "<group>"; };
		6F098844206C175E00E6146C /* NSString+hasContent__NT.h */ = {isa = PBXFileReference; fileEncoding = 4; lastKnownFileType = sourcecode.c.h; path = "NSString+hasContent__NT.h"; sourceTree = "<group>"; };
		6F098845206C175E00E6146C /* NSString+hasContent__NT.m */ = {isa = PBXFileReference; fileEncoding = 4; lastKnownFileType = sourcecode.c.objc; path = "NSString+hasContent__NT.m"; sourceTree = "<group>"; };
		6F098846206C175E00E6146C /* NSString+isEmpty__NT.h */ = {isa = PBXFileReference; fileEncoding = 4; lastKnownFileType = sourcecode.c.h; path = "NSString+isEmpty__NT.h"; sourceTree = "<group>"; };
		6F098847206C175E00E6146C /* NSString+isEmpty__NT.m */ = {isa = PBXFileReference; fileEncoding = 4; lastKnownFileType = sourcecode.c.objc; path = "NSString+isEmpty__NT.m"; sourceTree = "<group>"; };
		6F098848206C175E00E6146C /* NSString+isMatching__NT.h */ = {isa = PBXFileReference; fileEncoding = 4; lastKnownFileType = sourcecode.c.h; path = "NSString+isMatching__NT.h"; sourceTree = "<group>"; };
		6F098849206C175E00E6146C /* NSString+isMatching__NT.m */ = {isa = PBXFileReference; fileEncoding = 4; lastKnownFileType = sourcecode.c.objc; path = "NSString+isMatching__NT.m"; sourceTree = "<group>"; };
		6F09884A206C175E00E6146C /* NSString+TrimmedString__NT.h */ = {isa = PBXFileReference; fileEncoding = 4; lastKnownFileType = sourcecode.c.h; path = "NSString+TrimmedString__NT.h"; sourceTree = "<group>"; };
		6F09884B206C175E00E6146C /* NSString+TrimmedString__NT.m */ = {isa = PBXFileReference; fileEncoding = 4; lastKnownFileType = sourcecode.c.objc; path = "NSString+TrimmedString__NT.m"; sourceTree = "<group>"; };
		6F098851206C29B700E6146C /* SuggestionsController.h */ = {isa = PBXFileReference; lastKnownFileType = sourcecode.c.h; path = SuggestionsController.h; sourceTree = "<group>"; };
		6F098852206C29B700E6146C /* SuggestionsController.m */ = {isa = PBXFileReference; lastKnownFileType = sourcecode.c.objc; path = SuggestionsController.m; sourceTree = "<group>"; };
		6F098854206C335600E6146C /* ValidateResponse.h */ = {isa = PBXFileReference; lastKnownFileType = sourcecode.c.h; path = ValidateResponse.h; sourceTree = "<group>"; };
		6F098855206C335600E6146C /* ValidateResponse.m */ = {isa = PBXFileReference; lastKnownFileType = sourcecode.c.objc; path = ValidateResponse.m; sourceTree = "<group>"; };
		6FB4DE76206BCE2200D62416 /* EmailVerification.app */ = {isa = PBXFileReference; explicitFileType = wrapper.application; includeInIndex = 0; path = EmailVerification.app; sourceTree = BUILT_PRODUCTS_DIR; };
		6FB4DE79206BCE2300D62416 /* AppDelegate.h */ = {isa = PBXFileReference; lastKnownFileType = sourcecode.c.h; path = AppDelegate.h; sourceTree = "<group>"; };
		6FB4DE7A206BCE2300D62416 /* AppDelegate.m */ = {isa = PBXFileReference; lastKnownFileType = sourcecode.c.objc; path = AppDelegate.m; sourceTree = "<group>"; };
		6FB4DE80206BCE2300D62416 /* Base */ = {isa = PBXFileReference; lastKnownFileType = file.storyboard; name = Base; path = Base.lproj/Main.storyboard; sourceTree = "<group>"; };
		6FB4DE82206BCE2300D62416 /* Assets.xcassets */ = {isa = PBXFileReference; lastKnownFileType = folder.assetcatalog; path = Assets.xcassets; sourceTree = "<group>"; };
		6FB4DE85206BCE2300D62416 /* Base */ = {isa = PBXFileReference; lastKnownFileType = file.storyboard; name = Base; path = Base.lproj/LaunchScreen.storyboard; sourceTree = "<group>"; };
		6FB4DE87206BCE2300D62416 /* Info.plist */ = {isa = PBXFileReference; lastKnownFileType = text.plist.xml; path = Info.plist; sourceTree = "<group>"; };
		6FB4DE88206BCE2300D62416 /* main.m */ = {isa = PBXFileReference; lastKnownFileType = sourcecode.c.objc; path = main.m; sourceTree = "<group>"; };
		6FB4DE8E206BCE2300D62416 /* EmailVerificationTests.xctest */ = {isa = PBXFileReference; explicitFileType = wrapper.cfbundle; includeInIndex = 0; path = EmailVerificationTests.xctest; sourceTree = BUILT_PRODUCTS_DIR; };
		6FB4DE92206BCE2300D62416 /* EmailVerificationTests.m */ = {isa = PBXFileReference; lastKnownFileType = sourcecode.c.objc; path = EmailVerificationTests.m; sourceTree = "<group>"; };
		6FB4DE94206BCE2300D62416 /* Info.plist */ = {isa = PBXFileReference; lastKnownFileType = text.plist.xml; path = Info.plist; sourceTree = "<group>"; };
		6FB4DE99206BCE2300D62416 /* EmailVerificationUITests.xctest */ = {isa = PBXFileReference; explicitFileType = wrapper.cfbundle; includeInIndex = 0; path = EmailVerificationUITests.xctest; sourceTree = BUILT_PRODUCTS_DIR; };
		6FB4DE9D206BCE2300D62416 /* EmailVerificationUITests.m */ = {isa = PBXFileReference; lastKnownFileType = sourcecode.c.objc; path = EmailVerificationUITests.m; sourceTree = "<group>"; };
		6FB4DE9F206BCE2300D62416 /* Info.plist */ = {isa = PBXFileReference; lastKnownFileType = text.plist.xml; path = Info.plist; sourceTree = "<group>"; };
		6FB4DEB2206BD17A00D62416 /* MasterController.m */ = {isa = PBXFileReference; fileEncoding = 4; lastKnownFileType = sourcecode.c.objc; path = MasterController.m; sourceTree = "<group>"; };
		6FB4DEB3206BD17A00D62416 /* MasterController.h */ = {isa = PBXFileReference; fileEncoding = 4; lastKnownFileType = sourcecode.c.h; path = MasterController.h; sourceTree = "<group>"; };
		6FF779EC206CE3C000C8BB2A /* SuggestionsDataSource.h */ = {isa = PBXFileReference; lastKnownFileType = sourcecode.c.h; path = SuggestionsDataSource.h; sourceTree = "<group>"; };
		6FF779ED206CE3C000C8BB2A /* SuggestionsDataSource.m */ = {isa = PBXFileReference; lastKnownFileType = sourcecode.c.objc; path = SuggestionsDataSource.m; sourceTree = "<group>"; };
		6FF779EF206CE3C700C8BB2A /* SuggestionsDelegate.h */ = {isa = PBXFileReference; lastKnownFileType = sourcecode.c.h; path = SuggestionsDelegate.h; sourceTree = "<group>"; };
		6FF779F0206CE3C700C8BB2A /* SuggestionsDelegate.m */ = {isa = PBXFileReference; lastKnownFileType = sourcecode.c.objc; path = SuggestionsDelegate.m; sourceTree = "<group>"; };
		6FF779F2206CE50800C8BB2A /* free.txt */ = {isa = PBXFileReference; lastKnownFileType = text; path = free.txt; sourceTree = "<group>"; };
		6FF779F4206CE73600C8BB2A /* SuggestionsCell.h */ = {isa = PBXFileReference; lastKnownFileType = sourcecode.c.h; path = SuggestionsCell.h; sourceTree = "<group>"; };
		6FF779F5206CE73600C8BB2A /* SuggestionsCell.m */ = {isa = PBXFileReference; lastKnownFileType = sourcecode.c.objc; path = SuggestionsCell.m; sourceTree = "<group>"; };
		72ECEE984E7DEFBE6577D426 /* Pods-EmailVerification.release.xcconfig */ = {isa = PBXFileReference; includeInIndex = 1; lastKnownFileType = text.xcconfig; name = "Pods-EmailVerification.release.xcconfig"; path = "Pods/Target Support Files/Pods-EmailVerification/Pods-EmailVerification.release.xcconfig"; sourceTree = "<group>"; };
		D05D6948C5ACA823CBDB1CF4 /* Pods-EmailVerificationUITests.release.xcconfig */ = {isa = PBXFileReference; includeInIndex = 1; lastKnownFileType = text.xcconfig; name = "Pods-EmailVerificationUITests.release.xcconfig"; path = "Pods/Target Support Files/Pods-EmailVerificationUITests/Pods-EmailVerificationUITests.release.xcconfig"; sourceTree = "<group>"; };
		D54DBC3373F539D8F533DE56 /* libPods-EmailVerification.a */ = {isa = PBXFileReference; explicitFileType = archive.ar; includeInIndex = 0; path = "libPods-EmailVerification.a"; sourceTree = BUILT_PRODUCTS_DIR; };
		E38D8540BA5DD9556AB0FAD7 /* Pods-EmailVerificationTests.release.xcconfig */ = {isa = PBXFileReference; includeInIndex = 1; lastKnownFileType = text.xcconfig; name = "Pods-EmailVerificationTests.release.xcconfig"; path = "Pods/Target Support Files/Pods-EmailVerificationTests/Pods-EmailVerificationTests.release.xcconfig"; sourceTree = "<group>"; };
/* End PBXFileReference section */

/* Begin PBXFrameworksBuildPhase section */
		6FB4DE73206BCE2200D62416 /* Frameworks */ = {
			isa = PBXFrameworksBuildPhase;
			buildActionMask = 2147483647;
			files = (
				BC4907A89F2123AAFB630BE4 /* libPods-EmailVerification.a in Frameworks */,
			);
			runOnlyForDeploymentPostprocessing = 0;
		};
		6FB4DE8B206BCE2300D62416 /* Frameworks */ = {
			isa = PBXFrameworksBuildPhase;
			buildActionMask = 2147483647;
			files = (
				5085790A0A94877901E65A80 /* libPods-EmailVerificationTests.a in Frameworks */,
			);
			runOnlyForDeploymentPostprocessing = 0;
		};
		6FB4DE96206BCE2300D62416 /* Frameworks */ = {
			isa = PBXFrameworksBuildPhase;
			buildActionMask = 2147483647;
			files = (
				88118B31B065F5A539714D9A /* libPods-EmailVerificationUITests.a in Frameworks */,
			);
			runOnlyForDeploymentPostprocessing = 0;
		};
/* End PBXFrameworksBuildPhase section */

/* Begin PBXGroup section */
		2B4522268DD259117C21E3BB /* Pods */ = {
			isa = PBXGroup;
			children = (
				608052D59741F9A457FB01FC /* Pods-EmailVerification.debug.xcconfig */,
				72ECEE984E7DEFBE6577D426 /* Pods-EmailVerification.release.xcconfig */,
				498F88911948A85D9A9AE5A1 /* Pods-EmailVerificationTests.debug.xcconfig */,
				E38D8540BA5DD9556AB0FAD7 /* Pods-EmailVerificationTests.release.xcconfig */,
				05A997F8813F976238B18215 /* Pods-EmailVerificationUITests.debug.xcconfig */,
				D05D6948C5ACA823CBDB1CF4 /* Pods-EmailVerificationUITests.release.xcconfig */,
			);
			name = Pods;
			sourceTree = "<group>";
		};
		4D91DADC454D20AB0393FDD9 /* Frameworks */ = {
			isa = PBXGroup;
			children = (
				D54DBC3373F539D8F533DE56 /* libPods-EmailVerification.a */,
				1660A7F3837F388427433317 /* libPods-EmailVerificationTests.a */,
				45356D1D12C0E4216BF9743D /* libPods-EmailVerificationUITests.a */,
			);
			name = Frameworks;
			sourceTree = "<group>";
		};
		6F09881E206BF52900E6146C /* Misc */ = {
			isa = PBXGroup;
			children = (
				6F098824206BFCAC00E6146C /* Common */,
				6F098830206C071400E6146C /* ProjectSpecific */,
				6F09881F206BF54500E6146C /* Protocol */,
			);
			name = Misc;
			path = EmailVerification/Misc;
			sourceTree = SOURCE_ROOT;
		};
		6F09881F206BF54500E6146C /* Protocol */ = {
			isa = PBXGroup;
			children = (
				6F098820206BF57300E6146C /* Ensurable.h */,
				6F09882D206C066E00E6146C /* NTStringIdentifier.h */,
			);
			path = Protocol;
			sourceTree = "<group>";
		};
		6F098824206BFCAC00E6146C /* Common */ = {
			isa = PBXGroup;
			children = (
				6F098841206C175E00E6146C /* NSString */,
				6F098825206BFCD000E6146C /* EmailValidator.h */,
				6F098826206BFCD000E6146C /* EmailValidator.m */,
				6F09882B206C061C00E6146C /* NSObject+NTStringIdentifier.h */,
				6F09882A206C061C00E6146C /* NSObject+NTStringIdentifier.m */,
			);
			path = Common;
			sourceTree = "<group>";
		};
		6F098830206C071400E6146C /* ProjectSpecific */ = {
			isa = PBXGroup;
			children = (
				6F098831206C085100E6146C /* UIColor+EmailVerification.h */,
				6F098832206C085100E6146C /* UIColor+EmailVerification.m */,
			);
			path = ProjectSpecific;
			sourceTree = "<group>";
		};
		6F098834206C0BB500E6146C /* Resources */ = {
			isa = PBXGroup;
			children = (
				6FF779F2206CE50800C8BB2A /* free.txt */,
			);
			name = Resources;
			path = EmailVerification/Resources;
			sourceTree = SOURCE_ROOT;
		};
		6F098835206C0C5E00E6146C /* ApiKeys */ = {
			isa = PBXGroup;
			children = (
				6F098838206C0E0700E6146C /* kickbox.txt */,
			);
			name = ApiKeys;
			path = EmailVerification/ApiKeys;
			sourceTree = SOURCE_ROOT;
		};
		6F09883A206C13B300E6146C /* Http */ = {
			isa = PBXGroup;
			children = (
				6F09883B206C142A00E6146C /* Http.h */,
				6F09883C206C142A00E6146C /* Http.m */,
				6F09883E206C151B00E6146C /* Error.h */,
				6F09883F206C151B00E6146C /* Error.m */,
			);
			name = Http;
			path = EmailVerification/Http;
			sourceTree = SOURCE_ROOT;
		};
		6F098841206C175E00E6146C /* NSString */ = {
			isa = PBXGroup;
			children = (
				6F098844206C175E00E6146C /* NSString+hasContent__NT.h */,
				6F098845206C175E00E6146C /* NSString+hasContent__NT.m */,
				6F098846206C175E00E6146C /* NSString+isEmpty__NT.h */,
				6F098847206C175E00E6146C /* NSString+isEmpty__NT.m */,
				6F098848206C175E00E6146C /* NSString+isMatching__NT.h */,
				6F098849206C175E00E6146C /* NSString+isMatching__NT.m */,
				6F09884A206C175E00E6146C /* NSString+TrimmedString__NT.h */,
				6F09884B206C175E00E6146C /* NSString+TrimmedString__NT.m */,
			);
			path = NSString;
			sourceTree = "<group>";
		};
		6FB4DE6D206BCE2200D62416 = {
			isa = PBXGroup;
			children = (
				6FB4DE78206BCE2200D62416 /* EmailVerification */,
				6FB4DE91206BCE2300D62416 /* EmailVerificationTests */,
				6FB4DE9C206BCE2300D62416 /* EmailVerificationUITests */,
				6FB4DE77206BCE2200D62416 /* Products */,
				2B4522268DD259117C21E3BB /* Pods */,
				4D91DADC454D20AB0393FDD9 /* Frameworks */,
			);
			sourceTree = "<group>";
		};
		6FB4DE77206BCE2200D62416 /* Products */ = {
			isa = PBXGroup;
			children = (
				6FB4DE76206BCE2200D62416 /* EmailVerification.app */,
				6FB4DE8E206BCE2300D62416 /* EmailVerificationTests.xctest */,
				6FB4DE99206BCE2300D62416 /* EmailVerificationUITests.xctest */,
			);
			name = Products;
			sourceTree = "<group>";
		};
		6FB4DE78206BCE2200D62416 /* EmailVerification */ = {
			isa = PBXGroup;
			children = (
				6FB4DE79206BCE2300D62416 /* AppDelegate.h */,
				6FB4DE7A206BCE2300D62416 /* AppDelegate.m */,
				6F09883A206C13B300E6146C /* Http */,
				6FB4DEAD206BD03900D62416 /* Model */,
				6FB4DEAC206BD03900D62416 /* ViewModel */,
				6FB4DEAB206BD03900D62416 /* Controller */,
				6FB4DEAE206BD03900D62416 /* View */,
				6F09881E206BF52900E6146C /* Misc */,
				6F098835206C0C5E00E6146C /* ApiKeys */,
				6F098834206C0BB500E6146C /* Resources */,
				6FB4DE7F206BCE2300D62416 /* Main.storyboard */,
				6FB4DE82206BCE2300D62416 /* Assets.xcassets */,
				6FB4DE84206BCE2300D62416 /* LaunchScreen.storyboard */,
				6FB4DE87206BCE2300D62416 /* Info.plist */,
				6FB4DE88206BCE2300D62416 /* main.m */,
			);
			name = EmailVerification;
			path = /Users/nt/dev/mac/my/EmailVerification/EmailVerification;
			sourceTree = "<absolute>";
		};
		6FB4DE91206BCE2300D62416 /* EmailVerificationTests */ = {
			isa = PBXGroup;
			children = (
				6FB4DE92206BCE2300D62416 /* EmailVerificationTests.m */,
				6F098828206C000900E6146C /* EmailValidatorTests.m */,
				6FB4DE94206BCE2300D62416 /* Info.plist */,
			);
			name = EmailVerificationTests;
			path = /Users/nt/dev/mac/my/EmailVerification/EmailVerificationTests;
			sourceTree = "<absolute>";
		};
		6FB4DE9C206BCE2300D62416 /* EmailVerificationUITests */ = {
			isa = PBXGroup;
			children = (
				6FB4DE9D206BCE2300D62416 /* EmailVerificationUITests.m */,
				6FB4DE9F206BCE2300D62416 /* Info.plist */,
			);
			name = EmailVerificationUITests;
			path = /Users/nt/dev/mac/my/EmailVerification/EmailVerificationUITests;
			sourceTree = "<absolute>";
		};
		6FB4DEAB206BD03900D62416 /* Controller */ = {
			isa = PBXGroup;
			children = (
				6FB4DEB3206BD17A00D62416 /* MasterController.h */,
				6FB4DEB2206BD17A00D62416 /* MasterController.m */,
				6F098851206C29B700E6146C /* SuggestionsController.h */,
				6F098852206C29B700E6146C /* SuggestionsController.m */,
				6FF779EC206CE3C000C8BB2A /* SuggestionsDataSource.h */,
				6FF779ED206CE3C000C8BB2A /* SuggestionsDataSource.m */,
				6F068778206CF36600270570 /* SuggestionsSelectionDelegate.h */,
				6FF779EF206CE3C700C8BB2A /* SuggestionsDelegate.h */,
				6FF779F0206CE3C700C8BB2A /* SuggestionsDelegate.m */,
				6FF779F4206CE73600C8BB2A /* SuggestionsCell.h */,
				6FF779F5206CE73600C8BB2A /* SuggestionsCell.m */,
			);
			name = Controller;
			path = EmailVerification/Controller;
			sourceTree = SOURCE_ROOT;
		};
		6FB4DEAC206BD03900D62416 /* ViewModel */ = {
			isa = PBXGroup;
			children = (
				6F098821206BF75700E6146C /* MasterViewModel.h */,
				6F098822206BF75700E6146C /* MasterViewModel.m */,
			);
			name = ViewModel;
			path = EmailVerification/ViewModel;
			sourceTree = SOURCE_ROOT;
		};
		6FB4DEAD206BD03900D62416 /* Model */ = {
			isa = PBXGroup;
			children = (
				6F098854206C335600E6146C /* ValidateResponse.h */,
				6F098855206C335600E6146C /* ValidateResponse.m */,
			);
			name = Model;
			path = EmailVerification/Model;
			sourceTree = SOURCE_ROOT;
		};
		6FB4DEAE206BD03900D62416 /* View */ = {
			isa = PBXGroup;
			children = (
			);
			name = View;
			path = EmailVerification/View;
			sourceTree = SOURCE_ROOT;
		};
/* End PBXGroup section */

/* Begin PBXNativeTarget section */
		6FB4DE75206BCE2200D62416 /* EmailVerification */ = {
			isa = PBXNativeTarget;
			buildConfigurationList = 6FB4DEA2206BCE2300D62416 /* Build configuration list for PBXNativeTarget "EmailVerification" */;
			buildPhases = (
				875437E50150DAEB45CA1A88 /* [CP] Check Pods Manifest.lock */,
				6FB4DE72206BCE2200D62416 /* Sources */,
				6FB4DE73206BCE2200D62416 /* Frameworks */,
				6FB4DE74206BCE2200D62416 /* Resources */,
			);
			buildRules = (
			);
			dependencies = (
			);
			name = EmailVerification;
			productName = EmailVerification;
			productReference = 6FB4DE76206BCE2200D62416 /* EmailVerification.app */;
			productType = "com.apple.product-type.application";
		};
		6FB4DE8D206BCE2300D62416 /* EmailVerificationTests */ = {
			isa = PBXNativeTarget;
			buildConfigurationList = 6FB4DEA5206BCE2300D62416 /* Build configuration list for PBXNativeTarget "EmailVerificationTests" */;
			buildPhases = (
				98C86C542E228F0917FCA23B /* [CP] Check Pods Manifest.lock */,
				6FB4DE8A206BCE2300D62416 /* Sources */,
				6FB4DE8B206BCE2300D62416 /* Frameworks */,
				6FB4DE8C206BCE2300D62416 /* Resources */,
			);
			buildRules = (
			);
			dependencies = (
				6FB4DE90206BCE2300D62416 /* PBXTargetDependency */,
			);
			name = EmailVerificationTests;
			productName = EmailVerificationTests;
			productReference = 6FB4DE8E206BCE2300D62416 /* EmailVerificationTests.xctest */;
			productType = "com.apple.product-type.bundle.unit-test";
		};
		6FB4DE98206BCE2300D62416 /* EmailVerificationUITests */ = {
			isa = PBXNativeTarget;
			buildConfigurationList = 6FB4DEA8206BCE2300D62416 /* Build configuration list for PBXNativeTarget "EmailVerificationUITests" */;
			buildPhases = (
				17957691755EA8BFADA9D1B5 /* [CP] Check Pods Manifest.lock */,
				6FB4DE95206BCE2300D62416 /* Sources */,
				6FB4DE96206BCE2300D62416 /* Frameworks */,
				6FB4DE97206BCE2300D62416 /* Resources */,
			);
			buildRules = (
			);
			dependencies = (
				6FB4DE9B206BCE2300D62416 /* PBXTargetDependency */,
			);
			name = EmailVerificationUITests;
			productName = EmailVerificationUITests;
			productReference = 6FB4DE99206BCE2300D62416 /* EmailVerificationUITests.xctest */;
			productType = "com.apple.product-type.bundle.ui-testing";
		};
/* End PBXNativeTarget section */

/* Begin PBXProject section */
		6FB4DE6E206BCE2200D62416 /* Project object */ = {
			isa = PBXProject;
			attributes = {
				LastUpgradeCheck = 0920;
				ORGANIZATIONNAME = "N. M. Titov";
				TargetAttributes = {
					6FB4DE75206BCE2200D62416 = {
						CreatedOnToolsVersion = 9.2;
						ProvisioningStyle = Automatic;
					};
					6FB4DE8D206BCE2300D62416 = {
						CreatedOnToolsVersion = 9.2;
						ProvisioningStyle = Automatic;
						TestTargetID = 6FB4DE75206BCE2200D62416;
					};
					6FB4DE98206BCE2300D62416 = {
						CreatedOnToolsVersion = 9.2;
						ProvisioningStyle = Automatic;
						TestTargetID = 6FB4DE75206BCE2200D62416;
					};
				};
			};
			buildConfigurationList = 6FB4DE71206BCE2200D62416 /* Build configuration list for PBXProject "EmailVerification" */;
			compatibilityVersion = "Xcode 8.0";
			developmentRegion = en;
			hasScannedForEncodings = 0;
			knownRegions = (
				en,
				Base,
			);
			mainGroup = 6FB4DE6D206BCE2200D62416;
			productRefGroup = 6FB4DE77206BCE2200D62416 /* Products */;
			projectDirPath = "";
			projectRoot = "";
			targets = (
				6FB4DE75206BCE2200D62416 /* EmailVerification */,
				6FB4DE8D206BCE2300D62416 /* EmailVerificationTests */,
				6FB4DE98206BCE2300D62416 /* EmailVerificationUITests */,
			);
		};
/* End PBXProject section */

/* Begin PBXResourcesBuildPhase section */
		6FB4DE74206BCE2200D62416 /* Resources */ = {
			isa = PBXResourcesBuildPhase;
			buildActionMask = 2147483647;
			files = (
				6FB4DE86206BCE2300D62416 /* LaunchScreen.storyboard in Resources */,
				6FB4DE83206BCE2300D62416 /* Assets.xcassets in Resources */,
				6F098839206C0E0700E6146C /* kickbox.txt in Resources */,
				6FB4DE81206BCE2300D62416 /* Main.storyboard in Resources */,
				6FF779F3206CE50800C8BB2A /* free.txt in Resources */,
			);
			runOnlyForDeploymentPostprocessing = 0;
		};
		6FB4DE8C206BCE2300D62416 /* Resources */ = {
			isa = PBXResourcesBuildPhase;
			buildActionMask = 2147483647;
			files = (
			);
			runOnlyForDeploymentPostprocessing = 0;
		};
		6FB4DE97206BCE2300D62416 /* Resources */ = {
			isa = PBXResourcesBuildPhase;
			buildActionMask = 2147483647;
			files = (
			);
			runOnlyForDeploymentPostprocessing = 0;
		};
/* End PBXResourcesBuildPhase section */

/* Begin PBXShellScriptBuildPhase section */
		17957691755EA8BFADA9D1B5 /* [CP] Check Pods Manifest.lock */ = {
			isa = PBXShellScriptBuildPhase;
			buildActionMask = 2147483647;
			files = (
			);
			inputPaths = (
				"${PODS_PODFILE_DIR_PATH}/Podfile.lock",
				"${PODS_ROOT}/Manifest.lock",
			);
			name = "[CP] Check Pods Manifest.lock";
			outputPaths = (
				"$(DERIVED_FILE_DIR)/Pods-EmailVerificationUITests-checkManifestLockResult.txt",
			);
			runOnlyForDeploymentPostprocessing = 0;
			shellPath = /bin/sh;
			shellScript = "diff \"${PODS_PODFILE_DIR_PATH}/Podfile.lock\" \"${PODS_ROOT}/Manifest.lock\" > /dev/null\nif [ $? != 0 ] ; then\n    # print error to STDERR\n    echo \"error: The sandbox is not in sync with the Podfile.lock. Run 'pod install' or update your CocoaPods installation.\" >&2\n    exit 1\nfi\n# This output is used by Xcode 'outputs' to avoid re-running this script phase.\necho \"SUCCESS\" > \"${SCRIPT_OUTPUT_FILE_0}\"\n";
			showEnvVarsInLog = 0;
		};
		875437E50150DAEB45CA1A88 /* [CP] Check Pods Manifest.lock */ = {
			isa = PBXShellScriptBuildPhase;
			buildActionMask = 2147483647;
			files = (
			);
			inputPaths = (
				"${PODS_PODFILE_DIR_PATH}/Podfile.lock",
				"${PODS_ROOT}/Manifest.lock",
			);
			name = "[CP] Check Pods Manifest.lock";
			outputPaths = (
				"$(DERIVED_FILE_DIR)/Pods-EmailVerification-checkManifestLockResult.txt",
			);
			runOnlyForDeploymentPostprocessing = 0;
			shellPath = /bin/sh;
			shellScript = "diff \"${PODS_PODFILE_DIR_PATH}/Podfile.lock\" \"${PODS_ROOT}/Manifest.lock\" > /dev/null\nif [ $? != 0 ] ; then\n    # print error to STDERR\n    echo \"error: The sandbox is not in sync with the Podfile.lock. Run 'pod install' or update your CocoaPods installation.\" >&2\n    exit 1\nfi\n# This output is used by Xcode 'outputs' to avoid re-running this script phase.\necho \"SUCCESS\" > \"${SCRIPT_OUTPUT_FILE_0}\"\n";
			showEnvVarsInLog = 0;
		};
		98C86C542E228F0917FCA23B /* [CP] Check Pods Manifest.lock */ = {
			isa = PBXShellScriptBuildPhase;
			buildActionMask = 2147483647;
			files = (
			);
			inputPaths = (
				"${PODS_PODFILE_DIR_PATH}/Podfile.lock",
				"${PODS_ROOT}/Manifest.lock",
			);
			name = "[CP] Check Pods Manifest.lock";
			outputPaths = (
				"$(DERIVED_FILE_DIR)/Pods-EmailVerificationTests-checkManifestLockResult.txt",
			);
			runOnlyForDeploymentPostprocessing = 0;
			shellPath = /bin/sh;
			shellScript = "diff \"${PODS_PODFILE_DIR_PATH}/Podfile.lock\" \"${PODS_ROOT}/Manifest.lock\" > /dev/null\nif [ $? != 0 ] ; then\n    # print error to STDERR\n    echo \"error: The sandbox is not in sync with the Podfile.lock. Run 'pod install' or update your CocoaPods installation.\" >&2\n    exit 1\nfi\n# This output is used by Xcode 'outputs' to avoid re-running this script phase.\necho \"SUCCESS\" > \"${SCRIPT_OUTPUT_FILE_0}\"\n";
			showEnvVarsInLog = 0;
		};
/* End PBXShellScriptBuildPhase section */

/* Begin PBXSourcesBuildPhase section */
		6FB4DE72206BCE2200D62416 /* Sources */ = {
			isa = PBXSourcesBuildPhase;
			buildActionMask = 2147483647;
			files = (
				6F098840206C151B00E6146C /* Error.m in Sources */,
				6F098823206BF75700E6146C /* MasterViewModel.m in Sources */,
				6F09883D206C142A00E6146C /* Http.m in Sources */,
				6FF779F1206CE3C700C8BB2A /* SuggestionsDelegate.m in Sources */,
				6F098827206BFCD000E6146C /* EmailValidator.m in Sources */,
				6F098856206C335600E6146C /* ValidateResponse.m in Sources */,
				6FB4DEB4206BD17A00D62416 /* MasterController.m in Sources */,
				6F09884D206C175E00E6146C /* NSString+hasContent__NT.m in Sources */,
				6FB4DE89206BCE2300D62416 /* main.m in Sources */,
				6FF779F6206CE73600C8BB2A /* SuggestionsCell.m in Sources */,
				6FF779EE206CE3C000C8BB2A /* SuggestionsDataSource.m in Sources */,
				6F098833206C085100E6146C /* UIColor+EmailVerification.m in Sources */,
				6FB4DE7B206BCE2300D62416 /* AppDelegate.m in Sources */,
				6F09884F206C175E00E6146C /* NSString+isMatching__NT.m in Sources */,
				6F09882C206C061C00E6146C /* NSObject+NTStringIdentifier.m in Sources */,
				6F098853206C29B700E6146C /* SuggestionsController.m in Sources */,
				6F09884E206C175E00E6146C /* NSString+isEmpty__NT.m in Sources */,
				6F098850206C175E00E6146C /* NSString+TrimmedString__NT.m in Sources */,
			);
			runOnlyForDeploymentPostprocessing = 0;
		};
		6FB4DE8A206BCE2300D62416 /* Sources */ = {
			isa = PBXSourcesBuildPhase;
			buildActionMask = 2147483647;
			files = (
				6FB4DE93206BCE2300D62416 /* EmailVerificationTests.m in Sources */,
				6F098829206C000900E6146C /* EmailValidatorTests.m in Sources */,
			);
			runOnlyForDeploymentPostprocessing = 0;
		};
		6FB4DE95206BCE2300D62416 /* Sources */ = {
			isa = PBXSourcesBuildPhase;
			buildActionMask = 2147483647;
			files = (
				6FB4DE9E206BCE2300D62416 /* EmailVerificationUITests.m in Sources */,
			);
			runOnlyForDeploymentPostprocessing = 0;
		};
/* End PBXSourcesBuildPhase section */

/* Begin PBXTargetDependency section */
		6FB4DE90206BCE2300D62416 /* PBXTargetDependency */ = {
			isa = PBXTargetDependency;
			target = 6FB4DE75206BCE2200D62416 /* EmailVerification */;
			targetProxy = 6FB4DE8F206BCE2300D62416 /* PBXContainerItemProxy */;
		};
		6FB4DE9B206BCE2300D62416 /* PBXTargetDependency */ = {
			isa = PBXTargetDependency;
			target = 6FB4DE75206BCE2200D62416 /* EmailVerification */;
			targetProxy = 6FB4DE9A206BCE2300D62416 /* PBXContainerItemProxy */;
		};
/* End PBXTargetDependency section */

/* Begin PBXVariantGroup section */
		6FB4DE7F206BCE2300D62416 /* Main.storyboard */ = {
			isa = PBXVariantGroup;
			children = (
				6FB4DE80206BCE2300D62416 /* Base */,
			);
			name = Main.storyboard;
			sourceTree = "<group>";
		};
		6FB4DE84206BCE2300D62416 /* LaunchScreen.storyboard */ = {
			isa = PBXVariantGroup;
			children = (
				6FB4DE85206BCE2300D62416 /* Base */,
			);
			name = LaunchScreen.storyboard;
			sourceTree = "<group>";
		};
/* End PBXVariantGroup section */

/* Begin XCBuildConfiguration section */
		6FB4DEA0206BCE2300D62416 /* Debug */ = {
			isa = XCBuildConfiguration;
			buildSettings = {
				ALWAYS_SEARCH_USER_PATHS = NO;
				CLANG_ANALYZER_NONNULL = YES;
				CLANG_ANALYZER_NUMBER_OBJECT_CONVERSION = YES_AGGRESSIVE;
				CLANG_CXX_LANGUAGE_STANDARD = "gnu++14";
				CLANG_CXX_LIBRARY = "libc++";
				CLANG_ENABLE_MODULES = YES;
				CLANG_ENABLE_OBJC_ARC = YES;
				CLANG_WARN_BLOCK_CAPTURE_AUTORELEASING = YES;
				CLANG_WARN_BOOL_CONVERSION = YES;
				CLANG_WARN_COMMA = YES;
				CLANG_WARN_CONSTANT_CONVERSION = YES;
				CLANG_WARN_DIRECT_OBJC_ISA_USAGE = YES_ERROR;
				CLANG_WARN_DOCUMENTATION_COMMENTS = YES;
				CLANG_WARN_EMPTY_BODY = YES;
				CLANG_WARN_ENUM_CONVERSION = YES;
				CLANG_WARN_INFINITE_RECURSION = YES;
				CLANG_WARN_INT_CONVERSION = YES;
				CLANG_WARN_NON_LITERAL_NULL_CONVERSION = YES;
				CLANG_WARN_OBJC_LITERAL_CONVERSION = YES;
				CLANG_WARN_OBJC_ROOT_CLASS = YES_ERROR;
				CLANG_WARN_RANGE_LOOP_ANALYSIS = YES;
				CLANG_WARN_STRICT_PROTOTYPES = YES;
				CLANG_WARN_SUSPICIOUS_MOVE = YES;
				CLANG_WARN_UNGUARDED_AVAILABILITY = YES_AGGRESSIVE;
				CLANG_WARN_UNREACHABLE_CODE = YES;
				CLANG_WARN__DUPLICATE_METHOD_MATCH = YES;
				CODE_SIGN_IDENTITY = "iPhone Developer";
				COPY_PHASE_STRIP = NO;
				DEBUG_INFORMATION_FORMAT = dwarf;
				ENABLE_STRICT_OBJC_MSGSEND = YES;
				ENABLE_TESTABILITY = YES;
				GCC_C_LANGUAGE_STANDARD = gnu11;
				GCC_DYNAMIC_NO_PIC = NO;
				GCC_NO_COMMON_BLOCKS = YES;
				GCC_OPTIMIZATION_LEVEL = 0;
				GCC_PREPROCESSOR_DEFINITIONS = (
					"DEBUG=1",
					"$(inherited)",
				);
				GCC_WARN_64_TO_32_BIT_CONVERSION = YES;
				GCC_WARN_ABOUT_RETURN_TYPE = YES_ERROR;
				GCC_WARN_UNDECLARED_SELECTOR = YES;
				GCC_WARN_UNINITIALIZED_AUTOS = YES_AGGRESSIVE;
				GCC_WARN_UNUSED_FUNCTION = YES;
				GCC_WARN_UNUSED_VARIABLE = YES;
				IPHONEOS_DEPLOYMENT_TARGET = 11.2;
				MTL_ENABLE_DEBUG_INFO = YES;
				ONLY_ACTIVE_ARCH = YES;
				SDKROOT = iphoneos;
			};
			name = Debug;
		};
		6FB4DEA1206BCE2300D62416 /* Release */ = {
			isa = XCBuildConfiguration;
			buildSettings = {
				ALWAYS_SEARCH_USER_PATHS = NO;
				CLANG_ANALYZER_NONNULL = YES;
				CLANG_ANALYZER_NUMBER_OBJECT_CONVERSION = YES_AGGRESSIVE;
				CLANG_CXX_LANGUAGE_STANDARD = "gnu++14";
				CLANG_CXX_LIBRARY = "libc++";
				CLANG_ENABLE_MODULES = YES;
				CLANG_ENABLE_OBJC_ARC = YES;
				CLANG_WARN_BLOCK_CAPTURE_AUTORELEASING = YES;
				CLANG_WARN_BOOL_CONVERSION = YES;
				CLANG_WARN_COMMA = YES;
				CLANG_WARN_CONSTANT_CONVERSION = YES;
				CLANG_WARN_DIRECT_OBJC_ISA_USAGE = YES_ERROR;
				CLANG_WARN_DOCUMENTATION_COMMENTS = YES;
				CLANG_WARN_EMPTY_BODY = YES;
				CLANG_WARN_ENUM_CONVERSION = YES;
				CLANG_WARN_INFINITE_RECURSION = YES;
				CLANG_WARN_INT_CONVERSION = YES;
				CLANG_WARN_NON_LITERAL_NULL_CONVERSION = YES;
				CLANG_WARN_OBJC_LITERAL_CONVERSION = YES;
				CLANG_WARN_OBJC_ROOT_CLASS = YES_ERROR;
				CLANG_WARN_RANGE_LOOP_ANALYSIS = YES;
				CLANG_WARN_STRICT_PROTOTYPES = YES;
				CLANG_WARN_SUSPICIOUS_MOVE = YES;
				CLANG_WARN_UNGUARDED_AVAILABILITY = YES_AGGRESSIVE;
				CLANG_WARN_UNREACHABLE_CODE = YES;
				CLANG_WARN__DUPLICATE_METHOD_MATCH = YES;
				CODE_SIGN_IDENTITY = "iPhone Developer";
				COPY_PHASE_STRIP = NO;
				DEBUG_INFORMATION_FORMAT = "dwarf-with-dsym";
				ENABLE_NS_ASSERTIONS = NO;
				ENABLE_STRICT_OBJC_MSGSEND = YES;
				GCC_C_LANGUAGE_STANDARD = gnu11;
				GCC_NO_COMMON_BLOCKS = YES;
				GCC_WARN_64_TO_32_BIT_CONVERSION = YES;
				GCC_WARN_ABOUT_RETURN_TYPE = YES_ERROR;
				GCC_WARN_UNDECLARED_SELECTOR = YES;
				GCC_WARN_UNINITIALIZED_AUTOS = YES_AGGRESSIVE;
				GCC_WARN_UNUSED_FUNCTION = YES;
				GCC_WARN_UNUSED_VARIABLE = YES;
				IPHONEOS_DEPLOYMENT_TARGET = 11.2;
				MTL_ENABLE_DEBUG_INFO = NO;
				SDKROOT = iphoneos;
				VALIDATE_PRODUCT = YES;
			};
			name = Release;
		};
		6FB4DEA3206BCE2300D62416 /* Debug */ = {
			isa = XCBuildConfiguration;
			baseConfigurationReference = 608052D59741F9A457FB01FC /* Pods-EmailVerification.debug.xcconfig */;
			buildSettings = {
				ASSETCATALOG_COMPILER_APPICON_NAME = AppIcon;
				CODE_SIGN_STYLE = Automatic;
				DEVELOPMENT_TEAM = M5HDTU7792;
				GCC_TREAT_WARNINGS_AS_ERRORS = YES;
				INFOPLIST_FILE = EmailVerification/Info.plist;
				IPHONEOS_DEPLOYMENT_TARGET = 11.2;
				LD_RUNPATH_SEARCH_PATHS = "$(inherited) @executable_path/Frameworks";
				PRODUCT_BUNDLE_IDENTIFIER = link.titov.EmailVerification;
				PRODUCT_NAME = "$(TARGET_NAME)";
				TARGETED_DEVICE_FAMILY = "1,2";
			};
			name = Debug;
		};
		6FB4DEA4206BCE2300D62416 /* Release */ = {
			isa = XCBuildConfiguration;
			baseConfigurationReference = 72ECEE984E7DEFBE6577D426 /* Pods-EmailVerification.release.xcconfig */;
			buildSettings = {
				ASSETCATALOG_COMPILER_APPICON_NAME = AppIcon;
				CODE_SIGN_STYLE = Automatic;
				DEVELOPMENT_TEAM = M5HDTU7792;
				GCC_TREAT_WARNINGS_AS_ERRORS = YES;
				INFOPLIST_FILE = EmailVerification/Info.plist;
				IPHONEOS_DEPLOYMENT_TARGET = 11.2;
				LD_RUNPATH_SEARCH_PATHS = "$(inherited) @executable_path/Frameworks";
				PRODUCT_BUNDLE_IDENTIFIER = link.titov.EmailVerification;
				PRODUCT_NAME = "$(TARGET_NAME)";
				TARGETED_DEVICE_FAMILY = "1,2";
			};
			name = Release;
		};
		6FB4DEA6206BCE2300D62416 /* Debug */ = {
			isa = XCBuildConfiguration;
			baseConfigurationReference = 498F88911948A85D9A9AE5A1 /* Pods-EmailVerificationTests.debug.xcconfig */;
			buildSettings = {
				BUNDLE_LOADER = "$(TEST_HOST)";
				CODE_SIGN_STYLE = Automatic;
				DEVELOPMENT_TEAM = M5HDTU7792;
				INFOPLIST_FILE = EmailVerificationTests/Info.plist;
				LD_RUNPATH_SEARCH_PATHS = "$(inherited) @executable_path/Frameworks @loader_path/Frameworks";
				PRODUCT_BUNDLE_IDENTIFIER = link.titov.EmailVerificationTests;
				PRODUCT_NAME = "$(TARGET_NAME)";
				TARGETED_DEVICE_FAMILY = "1,2";
				TEST_HOST = "$(BUILT_PRODUCTS_DIR)/EmailVerification.app/EmailVerification";
			};
			name = Debug;
		};
		6FB4DEA7206BCE2300D62416 /* Release */ = {
			isa = XCBuildConfiguration;
			baseConfigurationReference = E38D8540BA5DD9556AB0FAD7 /* Pods-EmailVerificationTests.release.xcconfig */;
			buildSettings = {
				BUNDLE_LOADER = "$(TEST_HOST)";
				CODE_SIGN_STYLE = Automatic;
				DEVELOPMENT_TEAM = M5HDTU7792;
				INFOPLIST_FILE = EmailVerificationTests/Info.plist;
				LD_RUNPATH_SEARCH_PATHS = "$(inherited) @executable_path/Frameworks @loader_path/Frameworks";
				PRODUCT_BUNDLE_IDENTIFIER = link.titov.EmailVerificationTests;
				PRODUCT_NAME = "$(TARGET_NAME)";
				TARGETED_DEVICE_FAMILY = "1,2";
				TEST_HOST = "$(BUILT_PRODUCTS_DIR)/EmailVerification.app/EmailVerification";
			};
			name = Release;
		};
		6FB4DEA9206BCE2300D62416 /* Debug */ = {
			isa = XCBuildConfiguration;
			baseConfigurationReference = 05A997F8813F976238B18215 /* Pods-EmailVerificationUITests.debug.xcconfig */;
			buildSettings = {
				CODE_SIGN_STYLE = Automatic;
				DEVELOPMENT_TEAM = M5HDTU7792;
				INFOPLIST_FILE = EmailVerificationUITests/Info.plist;
				LD_RUNPATH_SEARCH_PATHS = "$(inherited) @executable_path/Frameworks @loader_path/Frameworks";
				PRODUCT_BUNDLE_IDENTIFIER = link.titov.EmailVerificationUITests;
				PRODUCT_NAME = "$(TARGET_NAME)";
				TARGETED_DEVICE_FAMILY = "1,2";
				TEST_TARGET_NAME = EmailVerification;
			};
			name = Debug;
		};
		6FB4DEAA206BCE2300D62416 /* Release */ = {
			isa = XCBuildConfiguration;
			baseConfigurationReference = D05D6948C5ACA823CBDB1CF4 /* Pods-EmailVerificationUITests.release.xcconfig */;
			buildSettings = {
				CODE_SIGN_STYLE = Automatic;
				DEVELOPMENT_TEAM = M5HDTU7792;
				INFOPLIST_FILE = EmailVerificationUITests/Info.plist;
				LD_RUNPATH_SEARCH_PATHS = "$(inherited) @executable_path/Frameworks @loader_path/Frameworks";
				PRODUCT_BUNDLE_IDENTIFIER = link.titov.EmailVerificationUITests;
				PRODUCT_NAME = "$(TARGET_NAME)";
				TARGETED_DEVICE_FAMILY = "1,2";
				TEST_TARGET_NAME = EmailVerification;
			};
			name = Release;
		};
/* End XCBuildConfiguration section */

/* Begin XCConfigurationList section */
		6FB4DE71206BCE2200D62416 /* Build configuration list for PBXProject "EmailVerification" */ = {
			isa = XCConfigurationList;
			buildConfigurations = (
				6FB4DEA0206BCE2300D62416 /* Debug */,
				6FB4DEA1206BCE2300D62416 /* Release */,
			);
			defaultConfigurationIsVisible = 0;
			defaultConfigurationName = Release;
		};
		6FB4DEA2206BCE2300D62416 /* Build configuration list for PBXNativeTarget "EmailVerification" */ = {
			isa = XCConfigurationList;
			buildConfigurations = (
				6FB4DEA3206BCE2300D62416 /* Debug */,
				6FB4DEA4206BCE2300D62416 /* Release */,
			);
			defaultConfigurationIsVisible = 0;
			defaultConfigurationName = Release;
		};
		6FB4DEA5206BCE2300D62416 /* Build configuration list for PBXNativeTarget "EmailVerificationTests" */ = {
			isa = XCConfigurationList;
			buildConfigurations = (
				6FB4DEA6206BCE2300D62416 /* Debug */,
				6FB4DEA7206BCE2300D62416 /* Release */,
			);
			defaultConfigurationIsVisible = 0;
			defaultConfigurationName = Release;
		};
		6FB4DEA8206BCE2300D62416 /* Build configuration list for PBXNativeTarget "EmailVerificationUITests" */ = {
			isa = XCConfigurationList;
			buildConfigurations = (
				6FB4DEA9206BCE2300D62416 /* Debug */,
				6FB4DEAA206BCE2300D62416 /* Release */,
			);
			defaultConfigurationIsVisible = 0;
			defaultConfigurationName = Release;
		};
/* End XCConfigurationList section */
	};
	rootObject = 6FB4DE6E206BCE2200D62416 /* Project object */;
}
